{
  "lockfile_version": "1",
  "packages": {
    "github:NixOS/nixpkgs/nixpkgs-unstable": {
      "last_modified": "2025-05-15T12:36:28Z",
      "resolved": "github:NixOS/nixpkgs/b1bebd0fe266bbd1820019612ead889e96a8fa2d?lastModified=1747312588&narHash=sha256-MmJvj6mlWzeRwKGLcwmZpKaOPZ5nJb%2F6al5CXqJsgjo%3D"
    },
    "go-task@latest": {
      "last_modified": "2025-05-06T08:06:31Z",
      "resolved": "github:NixOS/nixpkgs/1cb1c02a6b1b7cf67e3d7731cbbf327a53da9679#go-task",
      "source": "devbox-search",
      "version": "3.43.2",
      "systems": {
        "aarch64-darwin": {
          "outputs": [
            {
              "name": "out",
              "path": "/nix/store/80xsbrjmxbb10ba3v44l48fhg9rpdyfj-go-task-3.43.2",
              "default": true
            }
          ],
          "store_path": "/nix/store/80xsbrjmxbb10ba3v44l48fhg9rpdyfj-go-task-3.43.2"
        },
        "aarch64-linux": {
          "outputs": [
            {
              "name": "out",
              "path": "/nix/store/7a1wimm8z159vrb0sx86s39vlwy7nfbz-go-task-3.43.2",
              "default": true
            }
          ],
          "store_path": "/nix/store/7a1wimm8z159vrb0sx86s39vlwy7nfbz-go-task-3.43.2"
        },
        "x86_64-darwin": {
          "outputs": [
            {
              "name": "out",
              "path": "/nix/store/fbc3qggxgabd77rwqc7l4iczyp8ax43j-go-task-3.43.2",
              "default": true
            }
          ],
          "store_path": "/nix/store/fbc3qggxgabd77rwqc7l4iczyp8ax43j-go-task-3.43.2"
        },
        "x86_64-linux": {
          "outputs": [
            {
              "name": "out",
              "path": "/nix/store/pnyim2vhfwqh8bqrbd9vwbhqj1vsx2lx-go-task-3.43.2",
              "default": true
            }
          ],
          "store_path": "/nix/store/pnyim2vhfwqh8bqrbd9vwbhqj1vsx2lx-go-task-3.43.2"
        }
      }
    },
    "rsync@latest": {
      "last_modified": "2025-05-06T08:06:31Z",
      "resolved": "github:NixOS/nixpkgs/1cb1c02a6b1b7cf67e3d7731cbbf327a53da9679#rsync",
      "source": "devbox-search",
      "version": "3.4.1",
      "systems": {
        "aarch64-darwin": {
          "outputs": [
            {
              "name": "out",
              "path": "/nix/store/6r5af40ayzc7813rj2zlb0lqi16grvy2-rsync-3.4.1",
              "default": true
            }
          ],
          "store_path": "/nix/store/6r5af40ayzc7813rj2zlb0lqi16grvy2-rsync-3.4.1"
        },
        "aarch64-linux": {
          "outputs": [
            {
              "name": "out",
              "path": "/nix/store/587i7976syzxx9b65y37zxykvlf03cfn-rsync-3.4.1",
              "default": true
            }
          ],
          "store_path": "/nix/store/587i7976syzxx9b65y37zxykvlf03cfn-rsync-3.4.1"
        },
        "x86_64-darwin": {
          "outputs": [
            {
              "name": "out",
              "path": "/nix/store/scgcv2sph83ag1x5n2pbwzj26crbq87h-rsync-3.4.1",
              "default": true
            }
          ],
          "store_path": "/nix/store/scgcv2sph83ag1x5n2pbwzj26crbq87h-rsync-3.4.1"
        },
        "x86_64-linux": {
          "outputs": [
            {
              "name": "out",
              "path": "/nix/store/anvskj2v9h9m0fp3l5fm2n60v7glqcbp-rsync-3.4.1",
              "default": true
            }
          ],
          "store_path": "/nix/store/anvskj2v9h9m0fp3l5fm2n60v7glqcbp-rsync-3.4.1"
        }
      }
    },
    "vcstool@latest": {
      "last_modified": "2025-05-06T08:06:31Z",
      "resolved": "github:NixOS/nixpkgs/1cb1c02a6b1b7cf67e3d7731cbbf327a53da9679#vcstool",
      "source": "devbox-search",
      "version": "0.3.0",
      "systems": {
        "aarch64-darwin": {
          "outputs": [
            {
              "name": "out",
              "path": "/nix/store/08iin6rnihd1qwsfvrrkclgajbgaql0f-vcstool-0.3.0",
              "default": true
            },
            {
              "name": "dist",
              "path": "/nix/store/ydbvrgysw6ilsn1jz02wlm9688r267fy-vcstool-0.3.0-dist"
            }
          ],
          "store_path": "/nix/store/08iin6rnihd1qwsfvrrkclgajbgaql0f-vcstool-0.3.0"
        },
        "aarch64-linux": {
          "outputs": [
            {
              "name": "out",
              "path": "/nix/store/d1xmvz3vdas2kpf6mb1cv1b7c2ihc8p7-vcstool-0.3.0",
              "default": true
            },
            {
              "name": "dist",
              "path": "/nix/store/98z69zm5mrf5p93p9amk3rr17s63b08p-vcstool-0.3.0-dist"
            }
          ],
          "store_path": "/nix/store/d1xmvz3vdas2kpf6mb1cv1b7c2ihc8p7-vcstool-0.3.0"
        },
        "x86_64-darwin": {
          "outputs": [
            {
              "name": "out",
              "path": "/nix/store/q4j4kwz7jlgsb5vyiqwxwriknaksvm89-vcstool-0.3.0",
              "default": true
            },
            {
              "name": "dist",
              "path": "/nix/store/ayh55xvfizqmhvj2f64yk0b6ayk5q07r-vcstool-0.3.0-dist"
            }
          ],
          "store_path": "/nix/store/q4j4kwz7jlgsb5vyiqwxwriknaksvm89-vcstool-0.3.0"
        },
        "x86_64-linux": {
          "outputs": [
            {
              "name": "out",
              "path": "/nix/store/80qd6i9gg05mkxwkcmbfajs4wqwzc3d5-vcstool-0.3.0",
              "default": true
            },
            {
              "name": "dist",
              "path": "/nix/store/1dicfdxlgv97vq03np1n793ifxksg5am-vcstool-0.3.0-dist"
            }
          ],
          "store_path": "/nix/store/80qd6i9gg05mkxwkcmbfajs4wqwzc3d5-vcstool-0.3.0"
        }
      }
    },
    "wget@latest": {
      "last_modified": "2025-05-06T08:06:31Z",
      "resolved": "github:NixOS/nixpkgs/1cb1c02a6b1b7cf67e3d7731cbbf327a53da9679#wget",
      "source": "devbox-search",
      "version": "1.25.0",
      "systems": {
        "aarch64-darwin": {
          "outputs": [
            {
              "name": "out",
              "path": "/nix/store/67q90x2jla0kkmj1vwg1b3wq8gdz8r9d-wget-1.25.0",
              "default": true
            }
          ],
          "store_path": "/nix/store/67q90x2jla0kkmj1vwg1b3wq8gdz8r9d-wget-1.25.0"
        },
        "aarch64-linux": {
          "outputs": [
            {
              "name": "out",
              "path": "/nix/store/i0k61wbllip3r0p7f6x6ffqjx7k3g61f-wget-1.25.0",
              "default": true
            }
          ],
          "store_path": "/nix/store/i0k61wbllip3r0p7f6x6ffqjx7k3g61f-wget-1.25.0"
        },
        "x86_64-darwin": {
          "outputs": [
            {
              "name": "out",
              "path": "/nix/store/xv575a0kn06wvdlhazmqg4xswxzxlgyh-wget-1.25.0",
              "default": true
            }
          ],
          "store_path": "/nix/store/xv575a0kn06wvdlhazmqg4xswxzxlgyh-wget-1.25.0"
        },
        "x86_64-linux": {
          "outputs": [
            {
              "name": "out",
              "path": "/nix/store/hgixbykc5fwgw3xzz2kv7v9hg31jlisg-wget-1.25.0",
              "default": true
            }
          ],
          "store_path": "/nix/store/hgixbykc5fwgw3xzz2kv7v9hg31jlisg-wget-1.25.0"
        }
      }
    }
  }
}
